{
  "name": "k6",
  "lockfileVersion": 3,
  "requires": true,
  "packages": {
    "": {
      "dependencies": {
        "@types/k6": "^1.6.0"
      }
    },
    "node_modules/@types/k6": {
      "version": "1.6.0",
      "resolved": "https://maven.posam.sk/repository/npm-group/@types/k6/-/k6-1.6.0.tgz",
      "integrity": "sha512-koixvaHqP241ymqEEgl068kkXek+LhM5YTjysI1ikKUAnmbIKbt8Lngw3nhMHmg3Cihh7viUP/WCIF+FKi4DYQ==",
      "license": "MIT"
    }
  }
}
